
Microsoft Visual Studio Solution File, Format Version 12.00
# Visual Studio Version 16
VisualStudioVersion = 16.0.29020.237
MinimumVisualStudioVersion = 10.0.40219.1
Project("{9A19103F-16F7-4668-BE54-9A1E7A4F7556}") = "Mre.Sb.Base.Domain", "src\Mre.Sb.Base.Domain\Mre.Sb.Base.Domain.csproj", "{554AD327-6DBA-4F8F-96F8-81CE7A0C863F}"
EndProject
Project("{9A19103F-16F7-4668-BE54-9A1E7A4F7556}") = "Mre.Sb.Base.Application", "src\Mre.Sb.Base.Application\Mre.Sb.Base.Application.csproj", "{1A94A50E-06DC-43C1-80B5-B662820EC3EB}"
EndProject
Project("{9A19103F-16F7-4668-BE54-9A1E7A4F7556}") = "Mre.Sb.Base.EntityFrameworkCore", "src\Mre.Sb.Base.EntityFrameworkCore\Mre.Sb.Base.EntityFrameworkCore.csproj", "{C956DD76-69C8-4A9C-83EA-D17DF83340FD}"
EndProject
Project("{2150E333-8FDC-42A3-9474-1A3956D46DE8}") = "src", "src", "{CA9AC87F-097E-4F15-8393-4BC07735A5B0}"
EndProject
Project("{2150E333-8FDC-42A3-9474-1A3956D46DE8}") = "test", "test", "{04DBDB01-70F4-4E06-B468-8F87850B22BE}"
EndProject
Project("{9A19103F-16F7-4668-BE54-9A1E7A4F7556}") = "Mre.Sb.Base.Application.Tests", "test\Mre.Sb.Base.Application.Tests\Mre.Sb.Base.Application.Tests.csproj", "{50B2631D-129C-47B3-A587-029CCD6099BC}"
EndProject
Project("{9A19103F-16F7-4668-BE54-9A1E7A4F7556}") = "Mre.Sb.Base.Domain.Shared", "src\Mre.Sb.Base.Domain.Shared\Mre.Sb.Base.Domain.Shared.csproj", "{42F719ED-8413-4895-B5B4-5AB56079BC66}"
EndProject
Project("{9A19103F-16F7-4668-BE54-9A1E7A4F7556}") = "Mre.Sb.Base.Application.Contracts", "src\Mre.Sb.Base.Application.Contracts\Mre.Sb.Base.Application.Contracts.csproj", "{520659C8-C734-4298-A3DA-B539DB9DFC0B}"
EndProject
Project("{9A19103F-16F7-4668-BE54-9A1E7A4F7556}") = "Mre.Sb.Base.HttpApi", "src\Mre.Sb.Base.HttpApi\Mre.Sb.Base.HttpApi.csproj", "{4164BDF7-F527-4E85-9CE6-E3C2D7426A27}"
EndProject
Project("{9A19103F-16F7-4668-BE54-9A1E7A4F7556}") = "Mre.Sb.Base.HttpApi.Client", "src\Mre.Sb.Base.HttpApi.Client\Mre.Sb.Base.HttpApi.Client.csproj", "{3B5A0094-670D-4BB1-BFDD-61B88A8773DC}"
EndProject
Project("{9A19103F-16F7-4668-BE54-9A1E7A4F7556}") = "Mre.Sb.Base.IdentityServer", "src\Mre.Sb.Base.IdentityServer\Mre.Sb.Base.IdentityServer.csproj", "{073C361E-B8F4-49F5-93CC-72A3FF49C026}"
EndProject
Project("{9A19103F-16F7-4668-BE54-9A1E7A4F7556}") = "Mre.Sb.Base.HttpApi.Host", "src\Mre.Sb.Base.HttpApi.Host\Mre.Sb.Base.HttpApi.Host.csproj", "{E6D5BF0E-DE92-4D82-A352-EF04B37CB11C}"
EndProject
Project("{9A19103F-16F7-4668-BE54-9A1E7A4F7556}") = "Mre.Sb.Base.EntityFrameworkCore.Tests", "test\Mre.Sb.Base.EntityFrameworkCore.Tests\Mre.Sb.Base.EntityFrameworkCore.Tests.csproj", "{1FE30EB9-74A9-47F5-A9F6-7B1FAB672D81}"
EndProject
Project("{9A19103F-16F7-4668-BE54-9A1E7A4F7556}") = "Mre.Sb.Base.TestBase", "test\Mre.Sb.Base.TestBase\Mre.Sb.Base.TestBase.csproj", "{91853F21-9CD9-4132-BC29-A7D5D84FFFE7}"
EndProject
Project("{9A19103F-16F7-4668-BE54-9A1E7A4F7556}") = "Mre.Sb.Base.Domain.Tests", "test\Mre.Sb.Base.Domain.Tests\Mre.Sb.Base.Domain.Tests.csproj", "{E512F4D9-9375-480F-A2F6-A46509F9D824}"
EndProject
Project("{9A19103F-16F7-4668-BE54-9A1E7A4F7556}") = "Mre.Sb.Base.HttpApi.Client.ConsoleTestApp", "test\Mre.Sb.Base.HttpApi.Client.ConsoleTestApp\Mre.Sb.Base.HttpApi.Client.ConsoleTestApp.csproj", "{EF480016-9127-4916-8735-D2466BDBC582}"
EndProject
Project("{9A19103F-16F7-4668-BE54-9A1E7A4F7556}") = "Mre.Sb.Base.DbMigrator", "src\Mre.Sb.Base.DbMigrator\Mre.Sb.Base.DbMigrator.csproj", "{AA94D832-1CCC-4715-95A9-A483F23A1A5D}"
EndProject
Project("{2150E333-8FDC-42A3-9474-1A3956D46DE8}") = "Volo.Abp.Identity", "Volo.Abp.Identity", "{EF01B446-BE98-46F6-85E0-17BB0DC4F77C}"
EndProject
Project("{9A19103F-16F7-4668-BE54-9A1E7A4F7556}") = "Volo.Abp.Identity.Domain.Shared", "src\Volo.Abp.Identity.Domain.Shared\Volo.Abp.Identity.Domain.Shared.csproj", "{14E5E1BF-4488-4721-A53F-7BE73880D932}"
EndProject
Project("{9A19103F-16F7-4668-BE54-9A1E7A4F7556}") = "Volo.Abp.Identity.Domain", "src\Volo.Abp.Identity.Domain\Volo.Abp.Identity.Domain.csproj", "{6762E00F-BFC7-4314-96F4-4CBFB30A31E8}"
EndProject
Project("{9A19103F-16F7-4668-BE54-9A1E7A4F7556}") = "Volo.Abp.Identity.Application.Contracts", "src\Volo.Abp.Identity.Application.Contracts\Volo.Abp.Identity.Application.Contracts.csproj", "{D1489BC5-B4D0-4043-80D3-2C20E600FF6E}"
EndProject
Project("{9A19103F-16F7-4668-BE54-9A1E7A4F7556}") = "Volo.Abp.Identity.Application", "src\Volo.Abp.Identity.Application\Volo.Abp.Identity.Application.csproj", "{40965C8C-09AB-4788-8DD5-4D69662EDFA1}"
EndProject
Project("{9A19103F-16F7-4668-BE54-9A1E7A4F7556}") = "Volo.Abp.Identity.EntityFrameworkCore", "src\Volo.Abp.Identity.EntityFrameworkCore\Volo.Abp.Identity.EntityFrameworkCore.csproj", "{B2DCA887-5A8F-49B3-9DEB-282B95C19A87}"
EndProject
Project("{9A19103F-16F7-4668-BE54-9A1E7A4F7556}") = "Volo.Abp.Identity.HttpApi", "src\Volo.Abp.Identity.HttpApi\Volo.Abp.Identity.HttpApi.csproj", "{86CDE19A-E350-4DA8-89EA-EC2817EF0502}"
EndProject
Project("{9A19103F-16F7-4668-BE54-9A1E7A4F7556}") = "Volo.Abp.Identity.AspNetCore", "src\Volo.Abp.Identity.AspNetCore\Volo.Abp.Identity.AspNetCore.csproj", "{A3FF7563-E35B-48B9-88BD-A6B64138D64A}"
EndProject
Project("{2150E333-8FDC-42A3-9474-1A3956D46DE8}") = "Volo.Abp.Account", "Volo.Abp.Account", "{406478CD-933C-4C43-BD6A-33A002314B3D}"
EndProject
Project("{9A19103F-16F7-4668-BE54-9A1E7A4F7556}") = "Volo.Abp.Account.Application.Contracts", "src\Volo.Abp.Account.Application.Contracts\Volo.Abp.Account.Application.Contracts.csproj", "{CF556C97-5334-4DAE-8BAC-543FA36AEA90}"
EndProject
Project("{9A19103F-16F7-4668-BE54-9A1E7A4F7556}") = "Volo.Abp.Account.Application", "src\Volo.Abp.Account.Application\Volo.Abp.Account.Application.csproj", "{A88EC13B-49B6-4759-9E2E-EF976E49C043}"
EndProject
Project("{9A19103F-16F7-4668-BE54-9A1E7A4F7556}") = "Volo.Abp.Account.HttpApi", "src\Volo.Abp.Account.HttpApi\Volo.Abp.Account.HttpApi.csproj", "{BE59C9B6-DAF7-4242-8618-83C95B6A4D8E}"
EndProject
Project("{9A19103F-16F7-4668-BE54-9A1E7A4F7556}") = "Volo.Abp.Account.Web.IdentityServer", "src\Volo.Abp.Account.Web.IdentityServer\Volo.Abp.Account.Web.IdentityServer.csproj", "{74A927AB-7693-441B-ACBE-7A426580F45F}"
EndProject
Project("{9A19103F-16F7-4668-BE54-9A1E7A4F7556}") = "Volo.Abp.Account.Web", "src\Volo.Abp.Account.Web\Volo.Abp.Account.Web.csproj", "{1F347EE4-FCD4-41D7-AE59-0CF1CC6AEF66}"
EndProject
Project("{9A19103F-16F7-4668-BE54-9A1E7A4F7556}") = "Volo.Abp.Identity.HttpApi.Client", "src\Volo.Abp.Identity.HttpApi.Client\Volo.Abp.Identity.HttpApi.Client.csproj", "{C92CF95E-9217-4A9D-940B-7955A64D117F}"
EndProject
Project("{9A19103F-16F7-4668-BE54-9A1E7A4F7556}") = "Volo.Abp.Account.HttpApi.Client", "src\Volo.Abp.Account.HttpApi.Client\Volo.Abp.Account.HttpApi.Client.csproj", "{E4BF8CEF-A5DA-4DD4-9926-8792FEFA0EFE}"
EndProject
Project("{2150E333-8FDC-42A3-9474-1A3956D46DE8}") = "Mre.Sb.Ldap", "Mre.Sb.Ldap", "{450DF095-4E52-494F-85AA-AA765B83F5B6}"
EndProject
Project("{9A19103F-16F7-4668-BE54-9A1E7A4F7556}") = "Mre.Sb.Ldap.Application.Contracts", "src\Mre.Sb.Ldap.Application.Contracts\Mre.Sb.Ldap.Application.Contracts.csproj", "{42D3192D-8315-421D-81CB-F98B688FB2F2}"
EndProject
Project("{9A19103F-16F7-4668-BE54-9A1E7A4F7556}") = "Mre.Sb.Ldap.Application", "src\Mre.Sb.Ldap.Application\Mre.Sb.Ldap.Application.csproj", "{56C37976-A0F5-4A6F-B4B6-1800B785E8D1}"
EndProject
Project("{2150E333-8FDC-42A3-9474-1A3956D46DE8}") = "Mre.Sb.AuditoriaConf", "Mre.Sb.AuditoriaConf", "{E007EF01-99A1-4A45-BB72-924E3141BC9D}"
EndProject
Project("{2150E333-8FDC-42A3-9474-1A3956D46DE8}") = "Mre.Sb.Notification", "Mre.Sb.Notification", "{2A17F36A-DDE5-48AE-A259-E86201373853}"
EndProject
Project("{9A19103F-16F7-4668-BE54-9A1E7A4F7556}") = "Mre.Sb.Notification.HttpApi.Client", "src\Mre.Sb.Notification.HttpApi.Client\Mre.Sb.Notification.HttpApi.Client.csproj", "{2086EBF3-30C8-4BCF-A750-D24246D1DA3F}"
EndProject
Project("{9A19103F-16F7-4668-BE54-9A1E7A4F7556}") = "Mre.Sb.AuditoriaConf.Domain", "src\Mre.Sb.AuditoriaConf.Domain\Mre.Sb.AuditoriaConf.Domain.csproj", "{70924FBE-7637-4E2C-9C3B-3F18E548BE3D}"
EndProject
Project("{9A19103F-16F7-4668-BE54-9A1E7A4F7556}") = "Mre.Sb.AuditoriaConf.EntityFrameworkCore", "src\Mre.Sb.AuditoriaConf.EntityFrameworkCore\Mre.Sb.AuditoriaConf.EntityFrameworkCore.csproj", "{87227319-AF3B-44B0-A929-A68383122FCB}"
EndProject
Project("{9A19103F-16F7-4668-BE54-9A1E7A4F7556}") = "Mre.Sb.AuditoriaConf.Application", "src\Mre.Sb.AuditoriaConf.Application\Mre.Sb.AuditoriaConf.Application.csproj", "{D5600CB3-CF7F-41CA-834F-92602AB511A6}"
EndProject
Project("{9A19103F-16F7-4668-BE54-9A1E7A4F7556}") = "Mre.Sb.AuditoriaConf.Domain.Shared", "src\Mre.Sb.AuditoriaConf.Domain.Shared\Mre.Sb.AuditoriaConf.Domain.Shared.csproj", "{A1F468CE-BDD0-4783-8952-55DCFF97FB0C}"
EndProject
Project("{9A19103F-16F7-4668-BE54-9A1E7A4F7556}") = "Mre.Sb.AuditoriaConf.Application.Contracts", "src\Mre.Sb.AuditoriaConf.Application.Contracts\Mre.Sb.AuditoriaConf.Application.Contracts.csproj", "{77F112AC-6353-43C2-9A93-178F211883CF}"
EndProject
Project("{9A19103F-16F7-4668-BE54-9A1E7A4F7556}") = "Mre.Sb.AuditoriaConf.HttpApi", "src\Mre.Sb.AuditoriaConf.HttpApi\Mre.Sb.AuditoriaConf.HttpApi.csproj", "{3DF5D24C-8AA1-467F-9B31-62E218BFA048}"
EndProject
Project("{2150E333-8FDC-42A3-9474-1A3956D46DE8}") = "Mre.Sb.Cache", "Mre.Sb.Cache", "{B4DFE67A-2EF5-461A-8CA3-2964EA929736}"
EndProject
Project("{FAE04EC0-301F-11D3-BF4B-00C04F79EFBC}") = "Mre.Sb.Cache", "src\Mre.Sb.Cache\Mre.Sb.Cache.csproj", "{A753D9BE-7EF4-4194-86EE-8306664350B2}"
EndProject
Global
	GlobalSection(SolutionConfigurationPlatforms) = preSolution
		Debug|Any CPU = Debug|Any CPU
		Release|Any CPU = Release|Any CPU
	EndGlobalSection
	GlobalSection(ProjectConfigurationPlatforms) = postSolution
		{554AD327-6DBA-4F8F-96F8-81CE7A0C863F}.Debug|Any CPU.ActiveCfg = Debug|Any CPU
		{554AD327-6DBA-4F8F-96F8-81CE7A0C863F}.Debug|Any CPU.Build.0 = Debug|Any CPU
		{554AD327-6DBA-4F8F-96F8-81CE7A0C863F}.Release|Any CPU.ActiveCfg = Release|Any CPU
		{554AD327-6DBA-4F8F-96F8-81CE7A0C863F}.Release|Any CPU.Build.0 = Release|Any CPU
		{1A94A50E-06DC-43C1-80B5-B662820EC3EB}.Debug|Any CPU.ActiveCfg = Debug|Any CPU
		{1A94A50E-06DC-43C1-80B5-B662820EC3EB}.Debug|Any CPU.Build.0 = Debug|Any CPU
		{1A94A50E-06DC-43C1-80B5-B662820EC3EB}.Release|Any CPU.ActiveCfg = Release|Any CPU
		{1A94A50E-06DC-43C1-80B5-B662820EC3EB}.Release|Any CPU.Build.0 = Release|Any CPU
		{C956DD76-69C8-4A9C-83EA-D17DF83340FD}.Debug|Any CPU.ActiveCfg = Debug|Any CPU
		{C956DD76-69C8-4A9C-83EA-D17DF83340FD}.Debug|Any CPU.Build.0 = Debug|Any CPU
		{C956DD76-69C8-4A9C-83EA-D17DF83340FD}.Release|Any CPU.ActiveCfg = Release|Any CPU
		{C956DD76-69C8-4A9C-83EA-D17DF83340FD}.Release|Any CPU.Build.0 = Release|Any CPU
		{50B2631D-129C-47B3-A587-029CCD6099BC}.Debug|Any CPU.ActiveCfg = Debug|Any CPU
		{50B2631D-129C-47B3-A587-029CCD6099BC}.Debug|Any CPU.Build.0 = Debug|Any CPU
		{50B2631D-129C-47B3-A587-029CCD6099BC}.Release|Any CPU.ActiveCfg = Release|Any CPU
		{50B2631D-129C-47B3-A587-029CCD6099BC}.Release|Any CPU.Build.0 = Release|Any CPU
		{42F719ED-8413-4895-B5B4-5AB56079BC66}.Debug|Any CPU.ActiveCfg = Debug|Any CPU
		{42F719ED-8413-4895-B5B4-5AB56079BC66}.Debug|Any CPU.Build.0 = Debug|Any CPU
		{42F719ED-8413-4895-B5B4-5AB56079BC66}.Release|Any CPU.ActiveCfg = Release|Any CPU
		{42F719ED-8413-4895-B5B4-5AB56079BC66}.Release|Any CPU.Build.0 = Release|Any CPU
		{520659C8-C734-4298-A3DA-B539DB9DFC0B}.Debug|Any CPU.ActiveCfg = Debug|Any CPU
		{520659C8-C734-4298-A3DA-B539DB9DFC0B}.Debug|Any CPU.Build.0 = Debug|Any CPU
		{520659C8-C734-4298-A3DA-B539DB9DFC0B}.Release|Any CPU.ActiveCfg = Release|Any CPU
		{520659C8-C734-4298-A3DA-B539DB9DFC0B}.Release|Any CPU.Build.0 = Release|Any CPU
		{4164BDF7-F527-4E85-9CE6-E3C2D7426A27}.Debug|Any CPU.ActiveCfg = Debug|Any CPU
		{4164BDF7-F527-4E85-9CE6-E3C2D7426A27}.Debug|Any CPU.Build.0 = Debug|Any CPU
		{4164BDF7-F527-4E85-9CE6-E3C2D7426A27}.Release|Any CPU.ActiveCfg = Release|Any CPU
		{4164BDF7-F527-4E85-9CE6-E3C2D7426A27}.Release|Any CPU.Build.0 = Release|Any CPU
		{3B5A0094-670D-4BB1-BFDD-61B88A8773DC}.Debug|Any CPU.ActiveCfg = Debug|Any CPU
		{3B5A0094-670D-4BB1-BFDD-61B88A8773DC}.Debug|Any CPU.Build.0 = Debug|Any CPU
		{3B5A0094-670D-4BB1-BFDD-61B88A8773DC}.Release|Any CPU.ActiveCfg = Release|Any CPU
		{3B5A0094-670D-4BB1-BFDD-61B88A8773DC}.Release|Any CPU.Build.0 = Release|Any CPU
		{073C361E-B8F4-49F5-93CC-72A3FF49C026}.Debug|Any CPU.ActiveCfg = Debug|Any CPU
		{073C361E-B8F4-49F5-93CC-72A3FF49C026}.Debug|Any CPU.Build.0 = Debug|Any CPU
		{073C361E-B8F4-49F5-93CC-72A3FF49C026}.Release|Any CPU.ActiveCfg = Release|Any CPU
		{073C361E-B8F4-49F5-93CC-72A3FF49C026}.Release|Any CPU.Build.0 = Release|Any CPU
		{E6D5BF0E-DE92-4D82-A352-EF04B37CB11C}.Debug|Any CPU.ActiveCfg = Debug|Any CPU
		{E6D5BF0E-DE92-4D82-A352-EF04B37CB11C}.Debug|Any CPU.Build.0 = Debug|Any CPU
		{E6D5BF0E-DE92-4D82-A352-EF04B37CB11C}.Release|Any CPU.ActiveCfg = Release|Any CPU
		{E6D5BF0E-DE92-4D82-A352-EF04B37CB11C}.Release|Any CPU.Build.0 = Release|Any CPU
		{1FE30EB9-74A9-47F5-A9F6-7B1FAB672D81}.Debug|Any CPU.ActiveCfg = Debug|Any CPU
		{1FE30EB9-74A9-47F5-A9F6-7B1FAB672D81}.Debug|Any CPU.Build.0 = Debug|Any CPU
		{1FE30EB9-74A9-47F5-A9F6-7B1FAB672D81}.Release|Any CPU.ActiveCfg = Release|Any CPU
		{1FE30EB9-74A9-47F5-A9F6-7B1FAB672D81}.Release|Any CPU.Build.0 = Release|Any CPU
		{91853F21-9CD9-4132-BC29-A7D5D84FFFE7}.Debug|Any CPU.ActiveCfg = Debug|Any CPU
		{91853F21-9CD9-4132-BC29-A7D5D84FFFE7}.Debug|Any CPU.Build.0 = Debug|Any CPU
		{91853F21-9CD9-4132-BC29-A7D5D84FFFE7}.Release|Any CPU.ActiveCfg = Release|Any CPU
		{91853F21-9CD9-4132-BC29-A7D5D84FFFE7}.Release|Any CPU.Build.0 = Release|Any CPU
		{E512F4D9-9375-480F-A2F6-A46509F9D824}.Debug|Any CPU.ActiveCfg = Debug|Any CPU
		{E512F4D9-9375-480F-A2F6-A46509F9D824}.Debug|Any CPU.Build.0 = Debug|Any CPU
		{E512F4D9-9375-480F-A2F6-A46509F9D824}.Release|Any CPU.ActiveCfg = Release|Any CPU
		{E512F4D9-9375-480F-A2F6-A46509F9D824}.Release|Any CPU.Build.0 = Release|Any CPU
		{EF480016-9127-4916-8735-D2466BDBC582}.Debug|Any CPU.ActiveCfg = Debug|Any CPU
		{EF480016-9127-4916-8735-D2466BDBC582}.Debug|Any CPU.Build.0 = Debug|Any CPU
		{EF480016-9127-4916-8735-D2466BDBC582}.Release|Any CPU.ActiveCfg = Release|Any CPU
		{EF480016-9127-4916-8735-D2466BDBC582}.Release|Any CPU.Build.0 = Release|Any CPU
		{AA94D832-1CCC-4715-95A9-A483F23A1A5D}.Debug|Any CPU.ActiveCfg = Debug|Any CPU
		{AA94D832-1CCC-4715-95A9-A483F23A1A5D}.Debug|Any CPU.Build.0 = Debug|Any CPU
		{AA94D832-1CCC-4715-95A9-A483F23A1A5D}.Release|Any CPU.ActiveCfg = Release|Any CPU
		{AA94D832-1CCC-4715-95A9-A483F23A1A5D}.Release|Any CPU.Build.0 = Release|Any CPU
		{14E5E1BF-4488-4721-A53F-7BE73880D932}.Debug|Any CPU.ActiveCfg = Debug|Any CPU
		{14E5E1BF-4488-4721-A53F-7BE73880D932}.Debug|Any CPU.Build.0 = Debug|Any CPU
		{14E5E1BF-4488-4721-A53F-7BE73880D932}.Release|Any CPU.ActiveCfg = Release|Any CPU
		{14E5E1BF-4488-4721-A53F-7BE73880D932}.Release|Any CPU.Build.0 = Release|Any CPU
		{6762E00F-BFC7-4314-96F4-4CBFB30A31E8}.Debug|Any CPU.ActiveCfg = Debug|Any CPU
		{6762E00F-BFC7-4314-96F4-4CBFB30A31E8}.Debug|Any CPU.Build.0 = Debug|Any CPU
		{6762E00F-BFC7-4314-96F4-4CBFB30A31E8}.Release|Any CPU.ActiveCfg = Release|Any CPU
		{6762E00F-BFC7-4314-96F4-4CBFB30A31E8}.Release|Any CPU.Build.0 = Release|Any CPU
		{D1489BC5-B4D0-4043-80D3-2C20E600FF6E}.Debug|Any CPU.ActiveCfg = Debug|Any CPU
		{D1489BC5-B4D0-4043-80D3-2C20E600FF6E}.Debug|Any CPU.Build.0 = Debug|Any CPU
		{D1489BC5-B4D0-4043-80D3-2C20E600FF6E}.Release|Any CPU.ActiveCfg = Release|Any CPU
		{D1489BC5-B4D0-4043-80D3-2C20E600FF6E}.Release|Any CPU.Build.0 = Release|Any CPU
		{40965C8C-09AB-4788-8DD5-4D69662EDFA1}.Debug|Any CPU.ActiveCfg = Debug|Any CPU
		{40965C8C-09AB-4788-8DD5-4D69662EDFA1}.Debug|Any CPU.Build.0 = Debug|Any CPU
		{40965C8C-09AB-4788-8DD5-4D69662EDFA1}.Release|Any CPU.ActiveCfg = Release|Any CPU
		{40965C8C-09AB-4788-8DD5-4D69662EDFA1}.Release|Any CPU.Build.0 = Release|Any CPU
		{B2DCA887-5A8F-49B3-9DEB-282B95C19A87}.Debug|Any CPU.ActiveCfg = Debug|Any CPU
		{B2DCA887-5A8F-49B3-9DEB-282B95C19A87}.Debug|Any CPU.Build.0 = Debug|Any CPU
		{B2DCA887-5A8F-49B3-9DEB-282B95C19A87}.Release|Any CPU.ActiveCfg = Release|Any CPU
		{B2DCA887-5A8F-49B3-9DEB-282B95C19A87}.Release|Any CPU.Build.0 = Release|Any CPU
		{86CDE19A-E350-4DA8-89EA-EC2817EF0502}.Debug|Any CPU.ActiveCfg = Debug|Any CPU
		{86CDE19A-E350-4DA8-89EA-EC2817EF0502}.Debug|Any CPU.Build.0 = Debug|Any CPU
		{86CDE19A-E350-4DA8-89EA-EC2817EF0502}.Release|Any CPU.ActiveCfg = Release|Any CPU
		{86CDE19A-E350-4DA8-89EA-EC2817EF0502}.Release|Any CPU.Build.0 = Release|Any CPU
		{A3FF7563-E35B-48B9-88BD-A6B64138D64A}.Debug|Any CPU.ActiveCfg = Debug|Any CPU
		{A3FF7563-E35B-48B9-88BD-A6B64138D64A}.Debug|Any CPU.Build.0 = Debug|Any CPU
		{A3FF7563-E35B-48B9-88BD-A6B64138D64A}.Release|Any CPU.ActiveCfg = Release|Any CPU
		{A3FF7563-E35B-48B9-88BD-A6B64138D64A}.Release|Any CPU.Build.0 = Release|Any CPU
		{CF556C97-5334-4DAE-8BAC-543FA36AEA90}.Debug|Any CPU.ActiveCfg = Debug|Any CPU
		{CF556C97-5334-4DAE-8BAC-543FA36AEA90}.Debug|Any CPU.Build.0 = Debug|Any CPU
		{CF556C97-5334-4DAE-8BAC-543FA36AEA90}.Release|Any CPU.ActiveCfg = Release|Any CPU
		{CF556C97-5334-4DAE-8BAC-543FA36AEA90}.Release|Any CPU.Build.0 = Release|Any CPU
		{A88EC13B-49B6-4759-9E2E-EF976E49C043}.Debug|Any CPU.ActiveCfg = Debug|Any CPU
		{A88EC13B-49B6-4759-9E2E-EF976E49C043}.Debug|Any CPU.Build.0 = Debug|Any CPU
		{A88EC13B-49B6-4759-9E2E-EF976E49C043}.Release|Any CPU.ActiveCfg = Release|Any CPU
		{A88EC13B-49B6-4759-9E2E-EF976E49C043}.Release|Any CPU.Build.0 = Release|Any CPU
		{BE59C9B6-DAF7-4242-8618-83C95B6A4D8E}.Debug|Any CPU.ActiveCfg = Debug|Any CPU
		{BE59C9B6-DAF7-4242-8618-83C95B6A4D8E}.Debug|Any CPU.Build.0 = Debug|Any CPU
		{BE59C9B6-DAF7-4242-8618-83C95B6A4D8E}.Release|Any CPU.ActiveCfg = Release|Any CPU
		{BE59C9B6-DAF7-4242-8618-83C95B6A4D8E}.Release|Any CPU.Build.0 = Release|Any CPU
		{74A927AB-7693-441B-ACBE-7A426580F45F}.Debug|Any CPU.ActiveCfg = Debug|Any CPU
		{74A927AB-7693-441B-ACBE-7A426580F45F}.Debug|Any CPU.Build.0 = Debug|Any CPU
		{74A927AB-7693-441B-ACBE-7A426580F45F}.Release|Any CPU.ActiveCfg = Release|Any CPU
		{74A927AB-7693-441B-ACBE-7A426580F45F}.Release|Any CPU.Build.0 = Release|Any CPU
		{1F347EE4-FCD4-41D7-AE59-0CF1CC6AEF66}.Debug|Any CPU.ActiveCfg = Debug|Any CPU
		{1F347EE4-FCD4-41D7-AE59-0CF1CC6AEF66}.Debug|Any CPU.Build.0 = Debug|Any CPU
		{1F347EE4-FCD4-41D7-AE59-0CF1CC6AEF66}.Release|Any CPU.ActiveCfg = Release|Any CPU
		{1F347EE4-FCD4-41D7-AE59-0CF1CC6AEF66}.Release|Any CPU.Build.0 = Release|Any CPU
		{C92CF95E-9217-4A9D-940B-7955A64D117F}.Debug|Any CPU.ActiveCfg = Debug|Any CPU
		{C92CF95E-9217-4A9D-940B-7955A64D117F}.Debug|Any CPU.Build.0 = Debug|Any CPU
		{C92CF95E-9217-4A9D-940B-7955A64D117F}.Release|Any CPU.ActiveCfg = Release|Any CPU
		{C92CF95E-9217-4A9D-940B-7955A64D117F}.Release|Any CPU.Build.0 = Release|Any CPU
		{E4BF8CEF-A5DA-4DD4-9926-8792FEFA0EFE}.Debug|Any CPU.ActiveCfg = Debug|Any CPU
		{E4BF8CEF-A5DA-4DD4-9926-8792FEFA0EFE}.Debug|Any CPU.Build.0 = Debug|Any CPU
		{E4BF8CEF-A5DA-4DD4-9926-8792FEFA0EFE}.Release|Any CPU.ActiveCfg = Release|Any CPU
		{E4BF8CEF-A5DA-4DD4-9926-8792FEFA0EFE}.Release|Any CPU.Build.0 = Release|Any CPU
		{42D3192D-8315-421D-81CB-F98B688FB2F2}.Debug|Any CPU.ActiveCfg = Debug|Any CPU
		{42D3192D-8315-421D-81CB-F98B688FB2F2}.Debug|Any CPU.Build.0 = Debug|Any CPU
		{42D3192D-8315-421D-81CB-F98B688FB2F2}.Release|Any CPU.ActiveCfg = Release|Any CPU
		{42D3192D-8315-421D-81CB-F98B688FB2F2}.Release|Any CPU.Build.0 = Release|Any CPU
		{56C37976-A0F5-4A6F-B4B6-1800B785E8D1}.Debug|Any CPU.ActiveCfg = Debug|Any CPU
		{56C37976-A0F5-4A6F-B4B6-1800B785E8D1}.Debug|Any CPU.Build.0 = Debug|Any CPU
		{56C37976-A0F5-4A6F-B4B6-1800B785E8D1}.Release|Any CPU.ActiveCfg = Release|Any CPU
		{56C37976-A0F5-4A6F-B4B6-1800B785E8D1}.Release|Any CPU.Build.0 = Release|Any CPU
		{2086EBF3-30C8-4BCF-A750-D24246D1DA3F}.Debug|Any CPU.ActiveCfg = Debug|Any CPU
		{2086EBF3-30C8-4BCF-A750-D24246D1DA3F}.Debug|Any CPU.Build.0 = Debug|Any CPU
		{2086EBF3-30C8-4BCF-A750-D24246D1DA3F}.Release|Any CPU.ActiveCfg = Release|Any CPU
		{2086EBF3-30C8-4BCF-A750-D24246D1DA3F}.Release|Any CPU.Build.0 = Release|Any CPU
		{70924FBE-7637-4E2C-9C3B-3F18E548BE3D}.Debug|Any CPU.ActiveCfg = Debug|Any CPU
		{70924FBE-7637-4E2C-9C3B-3F18E548BE3D}.Debug|Any CPU.Build.0 = Debug|Any CPU
		{70924FBE-7637-4E2C-9C3B-3F18E548BE3D}.Release|Any CPU.ActiveCfg = Release|Any CPU
		{70924FBE-7637-4E2C-9C3B-3F18E548BE3D}.Release|Any CPU.Build.0 = Release|Any CPU
		{87227319-AF3B-44B0-A929-A68383122FCB}.Debug|Any CPU.ActiveCfg = Debug|Any CPU
		{87227319-AF3B-44B0-A929-A68383122FCB}.Debug|Any CPU.Build.0 = Debug|Any CPU
		{87227319-AF3B-44B0-A929-A68383122FCB}.Release|Any CPU.ActiveCfg = Release|Any CPU
		{87227319-AF3B-44B0-A929-A68383122FCB}.Release|Any CPU.Build.0 = Release|Any CPU
		{D5600CB3-CF7F-41CA-834F-92602AB511A6}.Debug|Any CPU.ActiveCfg = Debug|Any CPU
		{D5600CB3-CF7F-41CA-834F-92602AB511A6}.Debug|Any CPU.Build.0 = Debug|Any CPU
		{D5600CB3-CF7F-41CA-834F-92602AB511A6}.Release|Any CPU.ActiveCfg = Release|Any CPU
		{D5600CB3-CF7F-41CA-834F-92602AB511A6}.Release|Any CPU.Build.0 = Release|Any CPU
		{A1F468CE-BDD0-4783-8952-55DCFF97FB0C}.Debug|Any CPU.ActiveCfg = Debug|Any CPU
		{A1F468CE-BDD0-4783-8952-55DCFF97FB0C}.Debug|Any CPU.Build.0 = Debug|Any CPU
		{A1F468CE-BDD0-4783-8952-55DCFF97FB0C}.Release|Any CPU.ActiveCfg = Release|Any CPU
		{A1F468CE-BDD0-4783-8952-55DCFF97FB0C}.Release|Any CPU.Build.0 = Release|Any CPU
		{77F112AC-6353-43C2-9A93-178F211883CF}.Debug|Any CPU.ActiveCfg = Debug|Any CPU
		{77F112AC-6353-43C2-9A93-178F211883CF}.Debug|Any CPU.Build.0 = Debug|Any CPU
		{77F112AC-6353-43C2-9A93-178F211883CF}.Release|Any CPU.ActiveCfg = Release|Any CPU
		{77F112AC-6353-43C2-9A93-178F211883CF}.Release|Any CPU.Build.0 = Release|Any CPU
		{3DF5D24C-8AA1-467F-9B31-62E218BFA048}.Debug|Any CPU.ActiveCfg = Debug|Any CPU
		{3DF5D24C-8AA1-467F-9B31-62E218BFA048}.Debug|Any CPU.Build.0 = Debug|Any CPU
		{3DF5D24C-8AA1-467F-9B31-62E218BFA048}.Release|Any CPU.ActiveCfg = Release|Any CPU
		{3DF5D24C-8AA1-467F-9B31-62E218BFA048}.Release|Any CPU.Build.0 = Release|Any CPU
		{A753D9BE-7EF4-4194-86EE-8306664350B2}.Debug|Any CPU.ActiveCfg = Debug|Any CPU
		{A753D9BE-7EF4-4194-86EE-8306664350B2}.Debug|Any CPU.Build.0 = Debug|Any CPU
		{A753D9BE-7EF4-4194-86EE-8306664350B2}.Release|Any CPU.ActiveCfg = Release|Any CPU
		{A753D9BE-7EF4-4194-86EE-8306664350B2}.Release|Any CPU.Build.0 = Release|Any CPU
	EndGlobalSection
	GlobalSection(SolutionProperties) = preSolution
		HideSolutionNode = FALSE
	EndGlobalSection
	GlobalSection(NestedProjects) = preSolution
		{554AD327-6DBA-4F8F-96F8-81CE7A0C863F} = {CA9AC87F-097E-4F15-8393-4BC07735A5B0}
		{1A94A50E-06DC-43C1-80B5-B662820EC3EB} = {CA9AC87F-097E-4F15-8393-4BC07735A5B0}
		{C956DD76-69C8-4A9C-83EA-D17DF83340FD} = {CA9AC87F-097E-4F15-8393-4BC07735A5B0}
		{50B2631D-129C-47B3-A587-029CCD6099BC} = {04DBDB01-70F4-4E06-B468-8F87850B22BE}
		{42F719ED-8413-4895-B5B4-5AB56079BC66} = {CA9AC87F-097E-4F15-8393-4BC07735A5B0}
		{520659C8-C734-4298-A3DA-B539DB9DFC0B} = {CA9AC87F-097E-4F15-8393-4BC07735A5B0}
		{4164BDF7-F527-4E85-9CE6-E3C2D7426A27} = {CA9AC87F-097E-4F15-8393-4BC07735A5B0}
		{3B5A0094-670D-4BB1-BFDD-61B88A8773DC} = {CA9AC87F-097E-4F15-8393-4BC07735A5B0}
		{073C361E-B8F4-49F5-93CC-72A3FF49C026} = {CA9AC87F-097E-4F15-8393-4BC07735A5B0}
		{E6D5BF0E-DE92-4D82-A352-EF04B37CB11C} = {CA9AC87F-097E-4F15-8393-4BC07735A5B0}
		{1FE30EB9-74A9-47F5-A9F6-7B1FAB672D81} = {04DBDB01-70F4-4E06-B468-8F87850B22BE}
		{91853F21-9CD9-4132-BC29-A7D5D84FFFE7} = {04DBDB01-70F4-4E06-B468-8F87850B22BE}
		{E512F4D9-9375-480F-A2F6-A46509F9D824} = {04DBDB01-70F4-4E06-B468-8F87850B22BE}
		{EF480016-9127-4916-8735-D2466BDBC582} = {04DBDB01-70F4-4E06-B468-8F87850B22BE}
		{AA94D832-1CCC-4715-95A9-A483F23A1A5D} = {CA9AC87F-097E-4F15-8393-4BC07735A5B0}
		{EF01B446-BE98-46F6-85E0-17BB0DC4F77C} = {CA9AC87F-097E-4F15-8393-4BC07735A5B0}
		{14E5E1BF-4488-4721-A53F-7BE73880D932} = {EF01B446-BE98-46F6-85E0-17BB0DC4F77C}
		{6762E00F-BFC7-4314-96F4-4CBFB30A31E8} = {EF01B446-BE98-46F6-85E0-17BB0DC4F77C}
		{D1489BC5-B4D0-4043-80D3-2C20E600FF6E} = {EF01B446-BE98-46F6-85E0-17BB0DC4F77C}
		{40965C8C-09AB-4788-8DD5-4D69662EDFA1} = {EF01B446-BE98-46F6-85E0-17BB0DC4F77C}
		{B2DCA887-5A8F-49B3-9DEB-282B95C19A87} = {EF01B446-BE98-46F6-85E0-17BB0DC4F77C}
		{86CDE19A-E350-4DA8-89EA-EC2817EF0502} = {EF01B446-BE98-46F6-85E0-17BB0DC4F77C}
		{A3FF7563-E35B-48B9-88BD-A6B64138D64A} = {EF01B446-BE98-46F6-85E0-17BB0DC4F77C}
		{406478CD-933C-4C43-BD6A-33A002314B3D} = {CA9AC87F-097E-4F15-8393-4BC07735A5B0}
		{CF556C97-5334-4DAE-8BAC-543FA36AEA90} = {406478CD-933C-4C43-BD6A-33A002314B3D}
		{A88EC13B-49B6-4759-9E2E-EF976E49C043} = {406478CD-933C-4C43-BD6A-33A002314B3D}
		{BE59C9B6-DAF7-4242-8618-83C95B6A4D8E} = {406478CD-933C-4C43-BD6A-33A002314B3D}
		{74A927AB-7693-441B-ACBE-7A426580F45F} = {406478CD-933C-4C43-BD6A-33A002314B3D}
		{1F347EE4-FCD4-41D7-AE59-0CF1CC6AEF66} = {406478CD-933C-4C43-BD6A-33A002314B3D}
		{C92CF95E-9217-4A9D-940B-7955A64D117F} = {EF01B446-BE98-46F6-85E0-17BB0DC4F77C}
		{E4BF8CEF-A5DA-4DD4-9926-8792FEFA0EFE} = {406478CD-933C-4C43-BD6A-33A002314B3D}
		{450DF095-4E52-494F-85AA-AA765B83F5B6} = {CA9AC87F-097E-4F15-8393-4BC07735A5B0}
		{42D3192D-8315-421D-81CB-F98B688FB2F2} = {450DF095-4E52-494F-85AA-AA765B83F5B6}
		{56C37976-A0F5-4A6F-B4B6-1800B785E8D1} = {450DF095-4E52-494F-85AA-AA765B83F5B6}
		{E007EF01-99A1-4A45-BB72-924E3141BC9D} = {CA9AC87F-097E-4F15-8393-4BC07735A5B0}
		{2A17F36A-DDE5-48AE-A259-E86201373853} = {CA9AC87F-097E-4F15-8393-4BC07735A5B0}
		{2086EBF3-30C8-4BCF-A750-D24246D1DA3F} = {2A17F36A-DDE5-48AE-A259-E86201373853}
		{70924FBE-7637-4E2C-9C3B-3F18E548BE3D} = {E007EF01-99A1-4A45-BB72-924E3141BC9D}
		{87227319-AF3B-44B0-A929-A68383122FCB} = {E007EF01-99A1-4A45-BB72-924E3141BC9D}
		{D5600CB3-CF7F-41CA-834F-92602AB511A6} = {E007EF01-99A1-4A45-BB72-924E3141BC9D}
		{A1F468CE-BDD0-4783-8952-55DCFF97FB0C} = {E007EF01-99A1-4A45-BB72-924E3141BC9D}
		{77F112AC-6353-43C2-9A93-178F211883CF} = {E007EF01-99A1-4A45-BB72-924E3141BC9D}
		{3DF5D24C-8AA1-467F-9B31-62E218BFA048} = {E007EF01-99A1-4A45-BB72-924E3141BC9D}
		{B4DFE67A-2EF5-461A-8CA3-2964EA929736} = {CA9AC87F-097E-4F15-8393-4BC07735A5B0}
		{A753D9BE-7EF4-4194-86EE-8306664350B2} = {B4DFE67A-2EF5-461A-8CA3-2964EA929736}
	EndGlobalSection
	GlobalSection(ExtensibilityGlobals) = postSolution
		SolutionGuid = {28315BFD-90E7-4E14-A2EA-F3D23AF4126F}
	EndGlobalSection
EndGlobal
